// !$*UTF8*$!
{
	archiveVersion = 1;
	classes = {
	};
	objectVersion = 46;
	objects = {

/* Begin PBXBuildFile section */
		63066A36168930F100D1A786 /* gluLookAt.m in Sources */ = {isa = PBXBuildFile; fileRef = 63066A26168930F100D1A786 /* gluLookAt.m */; };
		63066A37168930F100D1A786 /* GLView.m in Sources */ = {isa = PBXBuildFile; fileRef = 63066A28168930F100D1A786 /* GLView.m */; };
		63066A38168930F100D1A786 /* GLViewController.m in Sources */ = {isa = PBXBuildFile; fileRef = 63066A2A168930F100D1A786 /* GLViewController.m */; };
		63066A39168930F100D1A786 /* OpenGLTexture3D.m in Sources */ = {isa = PBXBuildFile; fileRef = 63066A2C168930F100D1A786 /* OpenGLTexture3D.m */; };
		63066A3A168930F100D1A786 /* OpenGLWaveFrontGroup.m in Sources */ = {isa = PBXBuildFile; fileRef = 63066A2F168930F100D1A786 /* OpenGLWaveFrontGroup.m */; };
		63066A3B168930F100D1A786 /* OpenGLWaveFrontMaterial.m in Sources */ = {isa = PBXBuildFile; fileRef = 63066A31168930F100D1A786 /* OpenGLWaveFrontMaterial.m */; };
		63066A3C168930F100D1A786 /* OpenGLWaveFrontObject.m in Sources */ = {isa = PBXBuildFile; fileRef = 63066A33168930F100D1A786 /* OpenGLWaveFrontObject.m */; };
		63066A4C16893D9F00D1A786 /* cube_template_Cube-256.pvr4 in Resources */ = {isa = PBXBuildFile; fileRef = 63066A4216893D9F00D1A786 /* cube_template_Cube-256.pvr4 */; };
		63066A4D16893D9F00D1A786 /* cube_template_Cube.tga in Resources */ = {isa = PBXBuildFile; fileRef = 63066A4316893D9F00D1A786 /* cube_template_Cube.tga */; };
		63066A4E16893D9F00D1A786 /* cylinder2.mtl in Resources */ = {isa = PBXBuildFile; fileRef = 63066A4416893D9F00D1A786 /* cylinder2.mtl */; };
		63066A4F16893D9F00D1A786 /* cylinder2.obj in Resources */ = {isa = PBXBuildFile; fileRef = 63066A4516893D9F00D1A786 /* cylinder2.obj */; };
		63066A5016893D9F00D1A786 /* earth.mtl in Resources */ = {isa = PBXBuildFile; fileRef = 63066A4616893D9F00D1A786 /* earth.mtl */; };
		63066A5116893D9F00D1A786 /* earth.obj in Resources */ = {isa = PBXBuildFile; fileRef = 63066A4716893D9F00D1A786 /* earth.obj */; };
		63066A5216893D9F00D1A786 /* sphere-256.pvr4 in Resources */ = {isa = PBXBuildFile; fileRef = 63066A4816893D9F00D1A786 /* sphere-256.pvr4 */; };
		63066A5316893D9F00D1A786 /* texture1-128.pvr4 in Resources */ = {isa = PBXBuildFile; fileRef = 63066A4916893D9F00D1A786 /* texture1-128.pvr4 */; };
		63066A5416893D9F00D1A786 /* uvcube2.mtl in Resources */ = {isa = PBXBuildFile; fileRef = 63066A4A16893D9F00D1A786 /* uvcube2.mtl */; };
		63066A5516893D9F00D1A786 /* uvcube2.obj in Resources */ = {isa = PBXBuildFile; fileRef = 63066A4B16893D9F00D1A786 /* uvcube2.obj */; };
		630FC2851621E52800942E4A /* UIKit.framework in Frameworks */ = {isa = PBXBuildFile; fileRef = 630FC2841621E52800942E4A /* UIKit.framework */; };
		630FC2871621E52800942E4A /* Foundation.framework in Frameworks */ = {isa = PBXBuildFile; fileRef = 630FC2861621E52800942E4A /* Foundation.framework */; };
		630FC2891621E52800942E4A /* CoreGraphics.framework in Frameworks */ = {isa = PBXBuildFile; fileRef = 630FC2881621E52800942E4A /* CoreGraphics.framework */; };
		630FC28F1621E52800942E4A /* InfoPlist.strings in Resources */ = {isa = PBXBuildFile; fileRef = 630FC28D1621E52800942E4A /* InfoPlist.strings */; };
		630FC2911621E52800942E4A /* main.m in Sources */ = {isa = PBXBuildFile; fileRef = 630FC2901621E52800942E4A /* main.m */; };
		630FC2951621E52800942E4A /* ARAppDelegate.m in Sources */ = {isa = PBXBuildFile; fileRef = 630FC2941621E52800942E4A /* ARAppDelegate.m */; };
		630FC2971621E52800942E4A /* Default.png in Resources */ = {isa = PBXBuildFile; fileRef = 630FC2961621E52800942E4A /* Default.png */; };
		630FC2991621E52800942E4A /* Default@2x.png in Resources */ = {isa = PBXBuildFile; fileRef = 630FC2981621E52800942E4A /* Default@2x.png */; };
		630FC29B1621E52800942E4A /* Default-568h@2x.png in Resources */ = {isa = PBXBuildFile; fileRef = 630FC29A1621E52800942E4A /* Default-568h@2x.png */; };
		630FC2A11621E52800942E4A /* MainStoryboard_iPad.storyboard in Resources */ = {isa = PBXBuildFile; fileRef = 630FC29F1621E52800942E4A /* MainStoryboard_iPad.storyboard */; };
		630FC2A41621E52800942E4A /* ARViewController.m in Sources */ = {isa = PBXBuildFile; fileRef = 630FC2A31621E52800942E4A /* ARViewController.m */; };
		630FC2AB1621E54100942E4A /* AVFoundation.framework in Frameworks */ = {isa = PBXBuildFile; fileRef = 630FC2AA1621E54100942E4A /* AVFoundation.framework */; };
		630FC2AD1621E54700942E4A /* CoreVideo.framework in Frameworks */ = {isa = PBXBuildFile; fileRef = 630FC2AC1621E54700942E4A /* CoreVideo.framework */; };
		630FC2B01621E56100942E4A /* Camera.m in Sources */ = {isa = PBXBuildFile; fileRef = 630FC2AF1621E56100942E4A /* Camera.m */; };
		630FC2B61621F25200942E4A /* CoreMedia.framework in Frameworks */ = {isa = PBXBuildFile; fileRef = 630FC2B51621F25200942E4A /* CoreMedia.framework */; };
		630FC2B8162242C400942E4A /* OpenGLES.framework in Frameworks */ = {isa = PBXBuildFile; fileRef = 630FC2B7162242C400942E4A /* OpenGLES.framework */; };
		630FC2BA162242CB00942E4A /* GLKit.framework in Frameworks */ = {isa = PBXBuildFile; fileRef = 630FC2B9162242CB00942E4A /* GLKit.framework */; };
		632BADDE16569DDE001423DA /* Location.m in Sources */ = {isa = PBXBuildFile; fileRef = 632BADDD16569DDE001423DA /* Location.m */; };
		632BADE116569E50001423DA /* Quad.m in Sources */ = {isa = PBXBuildFile; fileRef = 632BADE016569E50001423DA /* Quad.m */; };
		632BADE416569EAF001423DA /* SensorData.m in Sources */ = {isa = PBXBuildFile; fileRef = 632BADE316569EAF001423DA /* SensorData.m */; };
		633991CA1625100B00600E68 /* QuartzCore.framework in Frameworks */ = {isa = PBXBuildFile; fileRef = 633991C91625100B00600E68 /* QuartzCore.framework */; };
		6353F0541653EABC005DCE6B /* calendar.m in Sources */ = {isa = PBXBuildFile; fileRef = 6353F04F1653EABC005DCE6B /* calendar.m */; };
		6353F0561653EABC005DCE6B /* Sensors.m in Sources */ = {isa = PBXBuildFile; fileRef = 6353F0531653EABC005DCE6B /* Sensors.m */; };
		6353F05C1653EB51005DCE6B /* CoreLocation.framework in Frameworks */ = {isa = PBXBuildFile; fileRef = 6353F05B1653EB51005DCE6B /* CoreLocation.framework */; };
		6353F05E1653EB5C005DCE6B /* CoreMotion.framework in Frameworks */ = {isa = PBXBuildFile; fileRef = 6353F05D1653EB5C005DCE6B /* CoreMotion.framework */; };
		6353F0601653EB70005DCE6B /* EventKit.framework in Frameworks */ = {isa = PBXBuildFile; fileRef = 6353F05F1653EB70005DCE6B /* EventKit.framework */; };
		637123CC16AF040F001F5AC5 /* ARPointInPoly.m in Sources */ = {isa = PBXBuildFile; fileRef = 637123CB16AF040F001F5AC5 /* ARPointInPoly.m */; };
		63B050BF164ED480000B9806 /* ARLabel.m in Sources */ = {isa = PBXBuildFile; fileRef = 63B050BE164ED480000B9806 /* ARLabel.m */; };
		63B050D31650B763000B9806 /* ARCloud.m in Sources */ = {isa = PBXBuildFile; fileRef = 63B050D21650B763000B9806 /* ARCloud.m */; };
		63B3BFA8164C562700BD62C7 /* ARVideo.m in Sources */ = {isa = PBXBuildFile; fileRef = 63B3BFA7164C562700BD62C7 /* ARVideo.m */; };
		63E7F064165AC2CE00C3D62A /* GetLocation.m in Sources */ = {isa = PBXBuildFile; fileRef = 63E7F063165AC2CE00C3D62A /* GetLocation.m */; };
		63E8741C166068720081D662 /* angleAnalyzer.m in Sources */ = {isa = PBXBuildFile; fileRef = 63E8741B166068720081D662 /* angleAnalyzer.m */; };
		63E8742B16611A400081D662 /* ARQuadAnalyze.m in Sources */ = {isa = PBXBuildFile; fileRef = 63E8742A16611A400081D662 /* ARQuadAnalyze.m */; };
		63EFBD211688DF010056D4C3 /* plane3.mtl in Resources */ = {isa = PBXBuildFile; fileRef = 63EFBD1F1688DF010056D4C3 /* plane3.mtl */; };
		63EFBD221688DF010056D4C3 /* plane3.obj in Resources */ = {isa = PBXBuildFile; fileRef = 63EFBD201688DF010056D4C3 /* plane3.obj */; };
		63F0B63C165DE4AD00B9D9A3 /* TableViewController.m in Sources */ = {isa = PBXBuildFile; fileRef = 63F0B63B165DE4AD00B9D9A3 /* TableViewController.m */; };
		63F0B640165DF3F100B9D9A3 /* DetailViewController.m in Sources */ = {isa = PBXBuildFile; fileRef = 63F0B63F165DF3F100B9D9A3 /* DetailViewController.m */; };
		63F0B647165DFAAA00B9D9A3 /* MediaPlayer.framework in Frameworks */ = {isa = PBXBuildFile; fileRef = 63F0B646165DFAAA00B9D9A3 /* MediaPlayer.framework */; };
		63F3B9CB165D928C006E22DE /* AREvents.m in Sources */ = {isa = PBXBuildFile; fileRef = 63F3B9CA165D928C006E22DE /* AREvents.m */; };
		63F3B9CF165D932B006E22DE /* ARMedia.m in Sources */ = {isa = PBXBuildFile; fileRef = 63F3B9CE165D932B006E22DE /* ARMedia.m */; };
/* End PBXBuildFile section */

/* Begin PBXFileReference section */
		63066A24168930F100D1A786 /* ConstantsAndMacros.h */ = {isa = PBXFileReference; fileEncoding = 4; lastKnownFileType = sourcecode.c.h; path = ConstantsAndMacros.h; sourceTree = "<group>"; };
		63066A25168930F100D1A786 /* gluLookAt.h */ = {isa = PBXFileReference; fileEncoding = 4; lastKnownFileType = sourcecode.c.h; path = gluLookAt.h; sourceTree = "<group>"; };
		63066A26168930F100D1A786 /* gluLookAt.m */ = {isa = PBXFileReference; fileEncoding = 4; lastKnownFileType = sourcecode.c.objc; path = gluLookAt.m; sourceTree = "<group>"; };
		63066A27168930F100D1A786 /* GLView.h */ = {isa = PBXFileReference; fileEncoding = 4; lastKnownFileType = sourcecode.c.h; path = GLView.h; sourceTree = "<group>"; };
		63066A28168930F100D1A786 /* GLView.m */ = {isa = PBXFileReference; fileEncoding = 4; lastKnownFileType = sourcecode.c.objc; path = GLView.m; sourceTree = "<group>"; };
		63066A29168930F100D1A786 /* GLViewController.h */ = {isa = PBXFileReference; fileEncoding = 4; lastKnownFileType = sourcecode.c.h; path = GLViewController.h; sourceTree = "<group>"; };
		63066A2A168930F100D1A786 /* GLViewController.m */ = {isa = PBXFileReference; fileEncoding = 4; lastKnownFileType = sourcecode.c.objc; path = GLViewController.m; sourceTree = "<group>"; };
		63066A2B168930F100D1A786 /* OpenGLTexture3D.h */ = {isa = PBXFileReference; fileEncoding = 4; lastKnownFileType = sourcecode.c.h; path = OpenGLTexture3D.h; sourceTree = "<group>"; };
		63066A2C168930F100D1A786 /* OpenGLTexture3D.m */ = {isa = PBXFileReference; fileEncoding = 4; lastKnownFileType = sourcecode.c.objc; path = OpenGLTexture3D.m; sourceTree = "<group>"; };
		63066A2D168930F100D1A786 /* OpenGLWaveFrontCommon.h */ = {isa = PBXFileReference; fileEncoding = 4; lastKnownFileType = sourcecode.c.h; path = OpenGLWaveFrontCommon.h; sourceTree = "<group>"; };
		63066A2E168930F100D1A786 /* OpenGLWaveFrontGroup.h */ = {isa = PBXFileReference; fileEncoding = 4; lastKnownFileType = sourcecode.c.h; path = OpenGLWaveFrontGroup.h; sourceTree = "<group>"; };
		63066A2F168930F100D1A786 /* OpenGLWaveFrontGroup.m */ = {isa = PBXFileReference; fileEncoding = 4; lastKnownFileType = sourcecode.c.objc; path = OpenGLWaveFrontGroup.m; sourceTree = "<group>"; };
		63066A30168930F100D1A786 /* OpenGLWaveFrontMaterial.h */ = {isa = PBXFileReference; fileEncoding = 4; lastKnownFileType = sourcecode.c.h; path = OpenGLWaveFrontMaterial.h; sourceTree = "<group>"; };
		63066A31168930F100D1A786 /* OpenGLWaveFrontMaterial.m */ = {isa = PBXFileReference; fileEncoding = 4; lastKnownFileType = sourcecode.c.objc; path = OpenGLWaveFrontMaterial.m; sourceTree = "<group>"; };
		63066A32168930F100D1A786 /* OpenGLWaveFrontObject.h */ = {isa = PBXFileReference; fileEncoding = 4; lastKnownFileType = sourcecode.c.h; path = OpenGLWaveFrontObject.h; sourceTree = "<group>"; };
		63066A33168930F100D1A786 /* OpenGLWaveFrontObject.m */ = {isa = PBXFileReference; fileEncoding = 4; lastKnownFileType = sourcecode.c.objc; path = OpenGLWaveFrontObject.m; sourceTree = "<group>"; };
		63066A4216893D9F00D1A786 /* cube_template_Cube-256.pvr4 */ = {isa = PBXFileReference; lastKnownFileType = file; path = "cube_template_Cube-256.pvr4"; sourceTree = "<group>"; };
		63066A4316893D9F00D1A786 /* cube_template_Cube.tga */ = {isa = PBXFileReference; lastKnownFileType = file; path = cube_template_Cube.tga; sourceTree = "<group>"; };
		63066A4416893D9F00D1A786 /* cylinder2.mtl */ = {isa = PBXFileReference; fileEncoding = 4; lastKnownFileType = text; path = cylinder2.mtl; sourceTree = "<group>"; };
		63066A4516893D9F00D1A786 /* cylinder2.obj */ = {isa = PBXFileReference; fileEncoding = 4; lastKnownFileType = text; path = cylinder2.obj; sourceTree = "<group>"; };
		63066A4616893D9F00D1A786 /* earth.mtl */ = {isa = PBXFileReference; fileEncoding = 4; lastKnownFileType = text; path = earth.mtl; sourceTree = "<group>"; };
		63066A4716893D9F00D1A786 /* earth.obj */ = {isa = PBXFileReference; fileEncoding = 4; lastKnownFileType = text; path = earth.obj; sourceTree = "<group>"; };
		63066A4816893D9F00D1A786 /* sphere-256.pvr4 */ = {isa = PBXFileReference; lastKnownFileType = file; path = "sphere-256.pvr4"; sourceTree = "<group>"; };
		63066A4916893D9F00D1A786 /* texture1-128.pvr4 */ = {isa = PBXFileReference; lastKnownFileType = file; path = "texture1-128.pvr4"; sourceTree = "<group>"; };
		63066A4A16893D9F00D1A786 /* uvcube2.mtl */ = {isa = PBXFileReference; fileEncoding = 4; lastKnownFileType = text; path = uvcube2.mtl; sourceTree = "<group>"; };
		63066A4B16893D9F00D1A786 /* uvcube2.obj */ = {isa = PBXFileReference; fileEncoding = 4; lastKnownFileType = text; path = uvcube2.obj; sourceTree = "<group>"; };
		630FC2801621E52800942E4A /* translayer.app */ = {isa = PBXFileReference; explicitFileType = wrapper.application; includeInIndex = 0; path = translayer.app; sourceTree = BUILT_PRODUCTS_DIR; };
		630FC2841621E52800942E4A /* UIKit.framework */ = {isa = PBXFileReference; lastKnownFileType = wrapper.framework; name = UIKit.framework; path = System/Library/Frameworks/UIKit.framework; sourceTree = SDKROOT; };
		630FC2861621E52800942E4A /* Foundation.framework */ = {isa = PBXFileReference; lastKnownFileType = wrapper.framework; name = Foundation.framework; path = System/Library/Frameworks/Foundation.framework; sourceTree = SDKROOT; };
		630FC2881621E52800942E4A /* CoreGraphics.framework */ = {isa = PBXFileReference; lastKnownFileType = wrapper.framework; name = CoreGraphics.framework; path = System/Library/Frameworks/CoreGraphics.framework; sourceTree = SDKROOT; };
		630FC28C1621E52800942E4A /* translayer-Info.plist */ = {isa = PBXFileReference; lastKnownFileType = text.plist.xml; path = "translayer-Info.plist"; sourceTree = "<group>"; };
		630FC28E1621E52800942E4A /* en */ = {isa = PBXFileReference; lastKnownFileType = text.plist.strings; name = en; path = en.lproj/InfoPlist.strings; sourceTree = "<group>"; };
		630FC2901621E52800942E4A /* main.m */ = {isa = PBXFileReference; lastKnownFileType = sourcecode.c.objc; path = main.m; sourceTree = "<group>"; };
		630FC2921621E52800942E4A /* translayer-Prefix.pch */ = {isa = PBXFileReference; lastKnownFileType = sourcecode.c.h; path = "translayer-Prefix.pch"; sourceTree = "<group>"; };
		630FC2931621E52800942E4A /* ARAppDelegate.h */ = {isa = PBXFileReference; lastKnownFileType = sourcecode.c.h; path = ARAppDelegate.h; sourceTree = "<group>"; };
		630FC2941621E52800942E4A /* ARAppDelegate.m */ = {isa = PBXFileReference; lastKnownFileType = sourcecode.c.objc; path = ARAppDelegate.m; sourceTree = "<group>"; };
		630FC2961621E52800942E4A /* Default.png */ = {isa = PBXFileReference; lastKnownFileType = image.png; path = Default.png; sourceTree = "<group>"; };
		630FC2981621E52800942E4A /* Default@2x.png */ = {isa = PBXFileReference; lastKnownFileType = image.png; path = "Default@2x.png"; sourceTree = "<group>"; };
		630FC29A1621E52800942E4A /* Default-568h@2x.png */ = {isa = PBXFileReference; lastKnownFileType = image.png; path = "Default-568h@2x.png"; sourceTree = "<group>"; };
		630FC2A01621E52800942E4A /* en */ = {isa = PBXFileReference; lastKnownFileType = file.storyboard; name = en; path = en.lproj/MainStoryboard_iPad.storyboard; sourceTree = "<group>"; };
		630FC2A21621E52800942E4A /* ARViewController.h */ = {isa = PBXFileReference; lastKnownFileType = sourcecode.c.h; path = ARViewController.h; sourceTree = "<group>"; };
		630FC2A31621E52800942E4A /* ARViewController.m */ = {isa = PBXFileReference; lastKnownFileType = sourcecode.c.objc; path = ARViewController.m; sourceTree = "<group>"; };
		630FC2AA1621E54100942E4A /* AVFoundation.framework */ = {isa = PBXFileReference; lastKnownFileType = wrapper.framework; name = AVFoundation.framework; path = System/Library/Frameworks/AVFoundation.framework; sourceTree = SDKROOT; };
		630FC2AC1621E54700942E4A /* CoreVideo.framework */ = {isa = PBXFileReference; lastKnownFileType = wrapper.framework; name = CoreVideo.framework; path = System/Library/Frameworks/CoreVideo.framework; sourceTree = SDKROOT; };
		630FC2AE1621E56100942E4A /* Camera.h */ = {isa = PBXFileReference; fileEncoding = 4; lastKnownFileType = sourcecode.c.h; path = Camera.h; sourceTree = "<group>"; };
		630FC2AF1621E56100942E4A /* Camera.m */ = {isa = PBXFileReference; fileEncoding = 4; lastKnownFileType = sourcecode.c.objc; path = Camera.m; sourceTree = "<group>"; };
		630FC2B51621F25200942E4A /* CoreMedia.framework */ = {isa = PBXFileReference; lastKnownFileType = wrapper.framework; name = CoreMedia.framework; path = System/Library/Frameworks/CoreMedia.framework; sourceTree = SDKROOT; };
		630FC2B7162242C400942E4A /* OpenGLES.framework */ = {isa = PBXFileReference; lastKnownFileType = wrapper.framework; name = OpenGLES.framework; path = System/Library/Frameworks/OpenGLES.framework; sourceTree = SDKROOT; };
		630FC2B9162242CB00942E4A /* GLKit.framework */ = {isa = PBXFileReference; lastKnownFileType = wrapper.framework; name = GLKit.framework; path = System/Library/Frameworks/GLKit.framework; sourceTree = SDKROOT; };
		632BADDC16569DDE001423DA /* Location.h */ = {isa = PBXFileReference; fileEncoding = 4; lastKnownFileType = sourcecode.c.h; path = Location.h; sourceTree = "<group>"; };
		632BADDD16569DDE001423DA /* Location.m */ = {isa = PBXFileReference; fileEncoding = 4; lastKnownFileType = sourcecode.c.objc; path = Location.m; sourceTree = "<group>"; };
		632BADDF16569E50001423DA /* Quad.h */ = {isa = PBXFileReference; fileEncoding = 4; lastKnownFileType = sourcecode.c.h; path = Quad.h; sourceTree = "<group>"; };
		632BADE016569E50001423DA /* Quad.m */ = {isa = PBXFileReference; fileEncoding = 4; lastKnownFileType = sourcecode.c.objc; path = Quad.m; sourceTree = "<group>"; };
		632BADE216569EAF001423DA /* SensorData.h */ = {isa = PBXFileReference; fileEncoding = 4; lastKnownFileType = sourcecode.c.h; path = SensorData.h; sourceTree = "<group>"; };
		632BADE316569EAF001423DA /* SensorData.m */ = {isa = PBXFileReference; fileEncoding = 4; lastKnownFileType = sourcecode.c.objc; path = SensorData.m; sourceTree = "<group>"; };
		633991C91625100B00600E68 /* QuartzCore.framework */ = {isa = PBXFileReference; lastKnownFileType = wrapper.framework; name = QuartzCore.framework; path = System/Library/Frameworks/QuartzCore.framework; sourceTree = SDKROOT; };
		6353F04E1653EABC005DCE6B /* calendar.h */ = {isa = PBXFileReference; fileEncoding = 4; lastKnownFileType = sourcecode.c.h; path = calendar.h; sourceTree = "<group>"; };
		6353F04F1653EABC005DCE6B /* calendar.m */ = {isa = PBXFileReference; fileEncoding = 4; lastKnownFileType = sourcecode.c.objc; path = calendar.m; sourceTree = "<group>"; };
		6353F0521653EABC005DCE6B /* Sensors.h */ = {isa = PBXFileReference; fileEncoding = 4; lastKnownFileType = sourcecode.c.h; path = Sensors.h; sourceTree = "<group>"; };
		6353F0531653EABC005DCE6B /* Sensors.m */ = {isa = PBXFileReference; fileEncoding = 4; lastKnownFileType = sourcecode.c.objc; path = Sensors.m; sourceTree = "<group>"; };
		6353F05B1653EB51005DCE6B /* CoreLocation.framework */ = {isa = PBXFileReference; lastKnownFileType = wrapper.framework; name = CoreLocation.framework; path = System/Library/Frameworks/CoreLocation.framework; sourceTree = SDKROOT; };
		6353F05D1653EB5C005DCE6B /* CoreMotion.framework */ = {isa = PBXFileReference; lastKnownFileType = wrapper.framework; name = CoreMotion.framework; path = System/Library/Frameworks/CoreMotion.framework; sourceTree = SDKROOT; };
		6353F05F1653EB70005DCE6B /* EventKit.framework */ = {isa = PBXFileReference; lastKnownFileType = wrapper.framework; name = EventKit.framework; path = System/Library/Frameworks/EventKit.framework; sourceTree = SDKROOT; };
		637123CA16AF040F001F5AC5 /* ARPointInPoly.h */ = {isa = PBXFileReference; fileEncoding = 4; lastKnownFileType = sourcecode.c.h; path = ARPointInPoly.h; sourceTree = "<group>"; };
		637123CB16AF040F001F5AC5 /* ARPointInPoly.m */ = {isa = PBXFileReference; fileEncoding = 4; lastKnownFileType = sourcecode.c.objc; path = ARPointInPoly.m; sourceTree = "<group>"; };
		63B050BD164ED480000B9806 /* ARLabel.h */ = {isa = PBXFileReference; fileEncoding = 4; lastKnownFileType = sourcecode.c.h; path = ARLabel.h; sourceTree = "<group>"; };
		63B050BE164ED480000B9806 /* ARLabel.m */ = {isa = PBXFileReference; fileEncoding = 4; lastKnownFileType = sourcecode.c.objc; path = ARLabel.m; sourceTree = "<group>"; };
		63B050D11650B763000B9806 /* ARCloud.h */ = {isa = PBXFileReference; fileEncoding = 4; lastKnownFileType = sourcecode.c.h; path = ARCloud.h; sourceTree = "<group>"; };
		63B050D21650B763000B9806 /* ARCloud.m */ = {isa = PBXFileReference; fileEncoding = 4; lastKnownFileType = sourcecode.c.objc; path = ARCloud.m; sourceTree = "<group>"; };
		63B3BFA6164C562700BD62C7 /* ARVideo.h */ = {isa = PBXFileReference; fileEncoding = 4; lastKnownFileType = sourcecode.c.h; path = ARVideo.h; sourceTree = "<group>"; };
		63B3BFA7164C562700BD62C7 /* ARVideo.m */ = {isa = PBXFileReference; fileEncoding = 4; lastKnownFileType = sourcecode.c.objc; path = ARVideo.m; sourceTree = "<group>"; };
		63E7F062165AC2CD00C3D62A /* GetLocation.h */ = {isa = PBXFileReference; fileEncoding = 4; lastKnownFileType = sourcecode.c.h; path = GetLocation.h; sourceTree = "<group>"; };
		63E7F063165AC2CE00C3D62A /* GetLocation.m */ = {isa = PBXFileReference; fileEncoding = 4; lastKnownFileType = sourcecode.c.objc; path = GetLocation.m; sourceTree = "<group>"; };
		63E8741A166068720081D662 /* angleAnalyzer.h */ = {isa = PBXFileReference; fileEncoding = 4; lastKnownFileType = sourcecode.c.h; path = angleAnalyzer.h; sourceTree = "<group>"; };
		63E8741B166068720081D662 /* angleAnalyzer.m */ = {isa = PBXFileReference; fileEncoding = 4; lastKnownFileType = sourcecode.c.objc; path = angleAnalyzer.m; sourceTree = "<group>"; };
		63E8742916611A400081D662 /* ARQuadAnalyze.h */ = {isa = PBXFileReference; fileEncoding = 4; lastKnownFileType = sourcecode.c.h; path = ARQuadAnalyze.h; sourceTree = "<group>"; };
		63E8742A16611A400081D662 /* ARQuadAnalyze.m */ = {isa = PBXFileReference; fileEncoding = 4; lastKnownFileType = sourcecode.c.objc; path = ARQuadAnalyze.m; sourceTree = "<group>"; };
		63EFBD1F1688DF010056D4C3 /* plane3.mtl */ = {isa = PBXFileReference; fileEncoding = 4; lastKnownFileType = text; path = plane3.mtl; sourceTree = "<group>"; };
		63EFBD201688DF010056D4C3 /* plane3.obj */ = {isa = PBXFileReference; fileEncoding = 4; lastKnownFileType = text; path = plane3.obj; sourceTree = "<group>"; };
		63F0B63A165DE4AD00B9D9A3 /* TableViewController.h */ = {isa = PBXFileReference; fileEncoding = 4; lastKnownFileType = sourcecode.c.h; path = TableViewController.h; sourceTree = "<group>"; };
		63F0B63B165DE4AD00B9D9A3 /* TableViewController.m */ = {isa = PBXFileReference; fileEncoding = 4; lastKnownFileType = sourcecode.c.objc; path = TableViewController.m; sourceTree = "<group>"; };
		63F0B63E165DF3F100B9D9A3 /* DetailViewController.h */ = {isa = PBXFileReference; fileEncoding = 4; lastKnownFileType = sourcecode.c.h; path = DetailViewController.h; sourceTree = "<group>"; };
		63F0B63F165DF3F100B9D9A3 /* DetailViewController.m */ = {isa = PBXFileReference; fileEncoding = 4; lastKnownFileType = sourcecode.c.objc; path = DetailViewController.m; sourceTree = "<group>"; };
		63F0B646165DFAAA00B9D9A3 /* MediaPlayer.framework */ = {isa = PBXFileReference; lastKnownFileType = wrapper.framework; name = MediaPlayer.framework; path = System/Library/Frameworks/MediaPlayer.framework; sourceTree = SDKROOT; };
		63F3B9C9165D928C006E22DE /* AREvents.h */ = {isa = PBXFileReference; fileEncoding = 4; lastKnownFileType = sourcecode.c.h; path = AREvents.h; sourceTree = "<group>"; };
		63F3B9CA165D928C006E22DE /* AREvents.m */ = {isa = PBXFileReference; fileEncoding = 4; lastKnownFileType = sourcecode.c.objc; path = AREvents.m; sourceTree = "<group>"; };
		63F3B9CD165D932B006E22DE /* ARMedia.h */ = {isa = PBXFileReference; fileEncoding = 4; lastKnownFileType = sourcecode.c.h; path = ARMedia.h; sourceTree = "<group>"; };
		63F3B9CE165D932B006E22DE /* ARMedia.m */ = {isa = PBXFileReference; fileEncoding = 4; lastKnownFileType = sourcecode.c.objc; path = ARMedia.m; sourceTree = "<group>"; };
/* End PBXFileReference section */

/* Begin PBXFrameworksBuildPhase section */
		630FC27D1621E52800942E4A /* Frameworks */ = {
			isa = PBXFrameworksBuildPhase;
			buildActionMask = 2147483647;
			files = (
				63F0B647165DFAAA00B9D9A3 /* MediaPlayer.framework in Frameworks */,
				6353F0601653EB70005DCE6B /* EventKit.framework in Frameworks */,
				6353F05E1653EB5C005DCE6B /* CoreMotion.framework in Frameworks */,
				6353F05C1653EB51005DCE6B /* CoreLocation.framework in Frameworks */,
				633991CA1625100B00600E68 /* QuartzCore.framework in Frameworks */,
				630FC2BA162242CB00942E4A /* GLKit.framework in Frameworks */,
				630FC2B8162242C400942E4A /* OpenGLES.framework in Frameworks */,
				630FC2B61621F25200942E4A /* CoreMedia.framework in Frameworks */,
				630FC2AD1621E54700942E4A /* CoreVideo.framework in Frameworks */,
				630FC2AB1621E54100942E4A /* AVFoundation.framework in Frameworks */,
				630FC2851621E52800942E4A /* UIKit.framework in Frameworks */,
				630FC2871621E52800942E4A /* Foundation.framework in Frameworks */,
				630FC2891621E52800942E4A /* CoreGraphics.framework in Frameworks */,
			);
			runOnlyForDeploymentPostprocessing = 0;
		};
/* End PBXFrameworksBuildPhase section */

/* Begin PBXGroup section */
		630FC2751621E52800942E4A = {
			isa = PBXGroup;
			children = (
				630FC28A1621E52800942E4A /* translayer */,
				630FC2831621E52800942E4A /* Frameworks */,
				630FC2811621E52800942E4A /* Products */,
			);
			sourceTree = "<group>";
		};
		630FC2811621E52800942E4A /* Products */ = {
			isa = PBXGroup;
			children = (
				630FC2801621E52800942E4A /* translayer.app */,
			);
			name = Products;
			sourceTree = "<group>";
		};
		630FC2831621E52800942E4A /* Frameworks */ = {
			isa = PBXGroup;
			children = (
				63F0B646165DFAAA00B9D9A3 /* MediaPlayer.framework */,
				6353F05F1653EB70005DCE6B /* EventKit.framework */,
				6353F05D1653EB5C005DCE6B /* CoreMotion.framework */,
				6353F05B1653EB51005DCE6B /* CoreLocation.framework */,
				630FC2B9162242CB00942E4A /* GLKit.framework */,
				630FC2B7162242C400942E4A /* OpenGLES.framework */,
				633991C91625100B00600E68 /* QuartzCore.framework */,
				630FC2B51621F25200942E4A /* CoreMedia.framework */,
				630FC2AC1621E54700942E4A /* CoreVideo.framework */,
				630FC2AA1621E54100942E4A /* AVFoundation.framework */,
				630FC2841621E52800942E4A /* UIKit.framework */,
				630FC2861621E52800942E4A /* Foundation.framework */,
				630FC2881621E52800942E4A /* CoreGraphics.framework */,
			);
			name = Frameworks;
			sourceTree = "<group>";
		};
		630FC28A1621E52800942E4A /* translayer */ = {
			isa = PBXGroup;
			children = (
				637123C816AE6BD1001F5AC5 /* Controllers */,
				632BADD716569D86001423DA /* calendar */,
				6353F0431653EA50005DCE6B /* sensors */,
				63EFBCFF16880E2F0056D4C3 /* object Loader */,
				63B050D01650B748000B9806 /* cloud */,
				63B050BB164ED461000B9806 /* objects */,
				63B3BFA5164C561200BD62C7 /* video */,
				63B3BFA3164C55CF00BD62C7 /* Camera */,
				630FC2931621E52800942E4A /* ARAppDelegate.h */,
				630FC2941621E52800942E4A /* ARAppDelegate.m */,
				630FC29F1621E52800942E4A /* MainStoryboard_iPad.storyboard */,
				630FC28B1621E52800942E4A /* Supporting Files */,
			);
			path = translayer;
			sourceTree = "<group>";
		};
		630FC28B1621E52800942E4A /* Supporting Files */ = {
			isa = PBXGroup;
			children = (
				630FC28C1621E52800942E4A /* translayer-Info.plist */,
				630FC28D1621E52800942E4A /* InfoPlist.strings */,
				630FC2901621E52800942E4A /* main.m */,
				630FC2921621E52800942E4A /* translayer-Prefix.pch */,
				630FC2961621E52800942E4A /* Default.png */,
				630FC2981621E52800942E4A /* Default@2x.png */,
				630FC29A1621E52800942E4A /* Default-568h@2x.png */,
			);
			name = "Supporting Files";
			sourceTree = "<group>";
		};
		632BADD716569D86001423DA /* calendar */ = {
			isa = PBXGroup;
			children = (
				6353F04E1653EABC005DCE6B /* calendar.h */,
				6353F04F1653EABC005DCE6B /* calendar.m */,
				63F3B9C9165D928C006E22DE /* AREvents.h */,
				63F3B9CA165D928C006E22DE /* AREvents.m */,
				63F3B9CD165D932B006E22DE /* ARMedia.h */,
				63F3B9CE165D932B006E22DE /* ARMedia.m */,
			);
			name = calendar;
			path = ..;
			sourceTree = "<group>";
		};
		6353F0431653EA50005DCE6B /* sensors */ = {
			isa = PBXGroup;
			children = (
				6353F0521653EABC005DCE6B /* Sensors.h */,
				6353F0531653EABC005DCE6B /* Sensors.m */,
				632BADDC16569DDE001423DA /* Location.h */,
				632BADDD16569DDE001423DA /* Location.m */,
				632BADDF16569E50001423DA /* Quad.h */,
				632BADE016569E50001423DA /* Quad.m */,
				637123CA16AF040F001F5AC5 /* ARPointInPoly.h */,
				637123CB16AF040F001F5AC5 /* ARPointInPoly.m */,
				63E8741A166068720081D662 /* angleAnalyzer.h */,
				63E8741B166068720081D662 /* angleAnalyzer.m */,
				632BADE216569EAF001423DA /* SensorData.h */,
				632BADE316569EAF001423DA /* SensorData.m */,
				63E7F062165AC2CD00C3D62A /* GetLocation.h */,
				63E7F063165AC2CE00C3D62A /* GetLocation.m */,
			);
			name = sensors;
			path = ..;
			sourceTree = "<group>";
		};
		637123C816AE6BD1001F5AC5 /* Controllers */ = {
			isa = PBXGroup;
			children = (
				63F0B63A165DE4AD00B9D9A3 /* TableViewController.h */,
				63F0B63B165DE4AD00B9D9A3 /* TableViewController.m */,
				630FC2A21621E52800942E4A /* ARViewController.h */,
				630FC2A31621E52800942E4A /* ARViewController.m */,
				63E8742916611A400081D662 /* ARQuadAnalyze.h */,
				63E8742A16611A400081D662 /* ARQuadAnalyze.m */,
				63F0B63E165DF3F100B9D9A3 /* DetailViewController.h */,
				63F0B63F165DF3F100B9D9A3 /* DetailViewController.m */,
			);
			name = Controllers;
			sourceTree = "<group>";
		};
		63B050BB164ED461000B9806 /* objects */ = {
			isa = PBXGroup;
			children = (
				63066A4216893D9F00D1A786 /* cube_template_Cube-256.pvr4 */,
				63066A4316893D9F00D1A786 /* cube_template_Cube.tga */,
				63066A4416893D9F00D1A786 /* cylinder2.mtl */,
				63066A4516893D9F00D1A786 /* cylinder2.obj */,
				63066A4616893D9F00D1A786 /* earth.mtl */,
				63066A4716893D9F00D1A786 /* earth.obj */,
				63066A4816893D9F00D1A786 /* sphere-256.pvr4 */,
				63066A4916893D9F00D1A786 /* texture1-128.pvr4 */,
				63066A4A16893D9F00D1A786 /* uvcube2.mtl */,
				63066A4B16893D9F00D1A786 /* uvcube2.obj */,
				63EFBD1F1688DF010056D4C3 /* plane3.mtl */,
				63EFBD201688DF010056D4C3 /* plane3.obj */,
				63B050BD164ED480000B9806 /* ARLabel.h */,
				63B050BE164ED480000B9806 /* ARLabel.m */,
			);
			name = objects;
			sourceTree = "<group>";
		};
		63B050D01650B748000B9806 /* cloud */ = {
			isa = PBXGroup;
			children = (
				63B050D11650B763000B9806 /* ARCloud.h */,
				63B050D21650B763000B9806 /* ARCloud.m */,
			);
			name = cloud;
			sourceTree = "<group>";
		};
		63B3BFA3164C55CF00BD62C7 /* Camera */ = {
			isa = PBXGroup;
			children = (
				630FC2AE1621E56100942E4A /* Camera.h */,
				630FC2AF1621E56100942E4A /* Camera.m */,
			);
			name = Camera;
			sourceTree = "<group>";
		};
		63B3BFA5164C561200BD62C7 /* video */ = {
			isa = PBXGroup;
			children = (
				63B3BFA6164C562700BD62C7 /* ARVideo.h */,
				63B3BFA7164C562700BD62C7 /* ARVideo.m */,
			);
			name = video;
			sourceTree = "<group>";
		};
		63EFBCFF16880E2F0056D4C3 /* object Loader */ = {
			isa = PBXGroup;
			children = (
				63066A24168930F100D1A786 /* ConstantsAndMacros.h */,
				63066A25168930F100D1A786 /* gluLookAt.h */,
				63066A26168930F100D1A786 /* gluLookAt.m */,
				63066A27168930F100D1A786 /* GLView.h */,
				63066A28168930F100D1A786 /* GLView.m */,
				63066A29168930F100D1A786 /* GLViewController.h */,
				63066A2A168930F100D1A786 /* GLViewController.m */,
				63066A2B168930F100D1A786 /* OpenGLTexture3D.h */,
				63066A2C168930F100D1A786 /* OpenGLTexture3D.m */,
				63066A2D168930F100D1A786 /* OpenGLWaveFrontCommon.h */,
				63066A2E168930F100D1A786 /* OpenGLWaveFrontGroup.h */,
				63066A2F168930F100D1A786 /* OpenGLWaveFrontGroup.m */,
				63066A30168930F100D1A786 /* OpenGLWaveFrontMaterial.h */,
				63066A31168930F100D1A786 /* OpenGLWaveFrontMaterial.m */,
				63066A32168930F100D1A786 /* OpenGLWaveFrontObject.h */,
				63066A33168930F100D1A786 /* OpenGLWaveFrontObject.m */,
			);
			name = "object Loader";
			sourceTree = "<group>";
		};
/* End PBXGroup section */

/* Begin PBXNativeTarget section */
		630FC27F1621E52800942E4A /* translayer */ = {
			isa = PBXNativeTarget;
			buildConfigurationList = 630FC2A71621E52800942E4A /* Build configuration list for PBXNativeTarget "translayer" */;
			buildPhases = (
				630FC27C1621E52800942E4A /* Sources */,
				630FC27D1621E52800942E4A /* Frameworks */,
				630FC27E1621E52800942E4A /* Resources */,
			);
			buildRules = (
			);
			dependencies = (
			);
			name = translayer;
			productName = translayer;
			productReference = 630FC2801621E52800942E4A /* translayer.app */;
			productType = "com.apple.product-type.application";
		};
/* End PBXNativeTarget section */

/* Begin PBXProject section */
		630FC2771621E52800942E4A /* Project object */ = {
			isa = PBXProject;
			attributes = {
				CLASSPREFIX = AR;
				LastUpgradeCheck = 0450;
				ORGANIZATIONNAME = DreamPowers;
			};
			buildConfigurationList = 630FC27A1621E52800942E4A /* Build configuration list for PBXProject "translayer" */;
			compatibilityVersion = "Xcode 3.2";
			developmentRegion = English;
			hasScannedForEncodings = 0;
			knownRegions = (
				en,
			);
			mainGroup = 630FC2751621E52800942E4A;
			productRefGroup = 630FC2811621E52800942E4A /* Products */;
			projectDirPath = "";
			projectRoot = "";
			targets = (
				630FC27F1621E52800942E4A /* translayer */,
			);
		};
/* End PBXProject section */

/* Begin PBXResourcesBuildPhase section */
		630FC27E1621E52800942E4A /* Resources */ = {
			isa = PBXResourcesBuildPhase;
			buildActionMask = 2147483647;
			files = (
				630FC28F1621E52800942E4A /* InfoPlist.strings in Resources */,
				630FC2971621E52800942E4A /* Default.png in Resources */,
				630FC2991621E52800942E4A /* Default@2x.png in Resources */,
				630FC29B1621E52800942E4A /* Default-568h@2x.png in Resources */,
				630FC2A11621E52800942E4A /* MainStoryboard_iPad.storyboard in Resources */,
				63EFBD211688DF010056D4C3 /* plane3.mtl in Resources */,
				63EFBD221688DF010056D4C3 /* plane3.obj in Resources */,
				63066A4C16893D9F00D1A786 /* cube_template_Cube-256.pvr4 in Resources */,
				63066A4D16893D9F00D1A786 /* cube_template_Cube.tga in Resources */,
				63066A4E16893D9F00D1A786 /* cylinder2.mtl in Resources */,
				63066A4F16893D9F00D1A786 /* cylinder2.obj in Resources */,
				63066A5016893D9F00D1A786 /* earth.mtl in Resources */,
				63066A5116893D9F00D1A786 /* earth.obj in Resources */,
				63066A5216893D9F00D1A786 /* sphere-256.pvr4 in Resources */,
				63066A5316893D9F00D1A786 /* texture1-128.pvr4 in Resources */,
				63066A5416893D9F00D1A786 /* uvcube2.mtl in Resources */,
				63066A5516893D9F00D1A786 /* uvcube2.obj in Resources */,
			);
			runOnlyForDeploymentPostprocessing = 0;
		};
/* End PBXResourcesBuildPhase section */

/* Begin PBXSourcesBuildPhase section */
		630FC27C1621E52800942E4A /* Sources */ = {
			isa = PBXSourcesBuildPhase;
			buildActionMask = 2147483647;
			files = (
				630FC2911621E52800942E4A /* main.m in Sources */,
				630FC2951621E52800942E4A /* ARAppDelegate.m in Sources */,
				630FC2A41621E52800942E4A /* ARViewController.m in Sources */,
				630FC2B01621E56100942E4A /* Camera.m in Sources */,
				63B3BFA8164C562700BD62C7 /* ARVideo.m in Sources */,
				63B050BF164ED480000B9806 /* ARLabel.m in Sources */,
				63B050D31650B763000B9806 /* ARCloud.m in Sources */,
				6353F0541653EABC005DCE6B /* calendar.m in Sources */,
				6353F0561653EABC005DCE6B /* Sensors.m in Sources */,
				632BADDE16569DDE001423DA /* Location.m in Sources */,
				632BADE116569E50001423DA /* Quad.m in Sources */,
				632BADE416569EAF001423DA /* SensorData.m in Sources */,
				63E7F064165AC2CE00C3D62A /* GetLocation.m in Sources */,
				63F3B9CB165D928C006E22DE /* AREvents.m in Sources */,
				63F3B9CF165D932B006E22DE /* ARMedia.m in Sources */,
				63F0B63C165DE4AD00B9D9A3 /* TableViewController.m in Sources */,
				63F0B640165DF3F100B9D9A3 /* DetailViewController.m in Sources */,
				63E8741C166068720081D662 /* angleAnalyzer.m in Sources */,
				63E8742B16611A400081D662 /* ARQuadAnalyze.m in Sources */,
				63066A36168930F100D1A786 /* gluLookAt.m in Sources */,
				63066A37168930F100D1A786 /* GLView.m in Sources */,
				63066A38168930F100D1A786 /* GLViewController.m in Sources */,
				63066A39168930F100D1A786 /* OpenGLTexture3D.m in Sources */,
				63066A3A168930F100D1A786 /* OpenGLWaveFrontGroup.m in Sources */,
				63066A3B168930F100D1A786 /* OpenGLWaveFrontMaterial.m in Sources */,
				63066A3C168930F100D1A786 /* OpenGLWaveFrontObject.m in Sources */,
				637123CC16AF040F001F5AC5 /* ARPointInPoly.m in Sources */,
			);
			runOnlyForDeploymentPostprocessing = 0;
		};
/* End PBXSourcesBuildPhase section */

/* Begin PBXVariantGroup section */
		630FC28D1621E52800942E4A /* InfoPlist.strings */ = {
			isa = PBXVariantGroup;
			children = (
				630FC28E1621E52800942E4A /* en */,
			);
			name = InfoPlist.strings;
			sourceTree = "<group>";
		};
		630FC29F1621E52800942E4A /* MainStoryboard_iPad.storyboard */ = {
			isa = PBXVariantGroup;
			children = (
				630FC2A01621E52800942E4A /* en */,
			);
			name = MainStoryboard_iPad.storyboard;
			sourceTree = "<group>";
		};
/* End PBXVariantGroup section */

/* Begin XCBuildConfiguration section */
		630FC2A51621E52800942E4A /* Debug */ = {
			isa = XCBuildConfiguration;
			buildSettings = {
				ALWAYS_SEARCH_USER_PATHS = NO;
				CLANG_CXX_LANGUAGE_STANDARD = "gnu++0x";
				CLANG_CXX_LIBRARY = "libc++";
				CLANG_ENABLE_OBJC_ARC = YES;
				CLANG_WARN_EMPTY_BODY = YES;
				CLANG_WARN__DUPLICATE_METHOD_MATCH = YES;
				"CODE_SIGN_IDENTITY[sdk=iphoneos*]" = "iPhone Developer";
				COPY_PHASE_STRIP = NO;
				GCC_C_LANGUAGE_STANDARD = gnu99;
				GCC_DYNAMIC_NO_PIC = NO;
				GCC_OPTIMIZATION_LEVEL = 0;
				GCC_PREPROCESSOR_DEFINITIONS = (
					"DEBUG=1",
					"$(inherited)",
				);
				GCC_SYMBOLS_PRIVATE_EXTERN = NO;
				GCC_WARN_ABOUT_RETURN_TYPE = YES;
				GCC_WARN_UNINITIALIZED_AUTOS = YES;
				GCC_WARN_UNUSED_VARIABLE = YES;
				IPHONEOS_DEPLOYMENT_TARGET = 6.0;
				ONLY_ACTIVE_ARCH = YES;
				SDKROOT = iphoneos;
				TARGETED_DEVICE_FAMILY = "1,2";
			};
			name = Debug;
		};
		630FC2A61621E52800942E4A /* Release */ = {
			isa = XCBuildConfiguration;
			buildSettings = {
				ALWAYS_SEARCH_USER_PATHS = NO;
				CLANG_CXX_LANGUAGE_STANDARD = "gnu++0x";
				CLANG_CXX_LIBRARY = "libc++";
				CLANG_ENABLE_OBJC_ARC = YES;
				CLANG_WARN_EMPTY_BODY = YES;
				CLANG_WARN__DUPLICATE_METHOD_MATCH = YES;
				"CODE_SIGN_IDENTITY[sdk=iphoneos*]" = "iPhone Developer";
				COPY_PHASE_STRIP = YES;
				GCC_C_LANGUAGE_STANDARD = gnu99;
				GCC_WARN_ABOUT_RETURN_TYPE = YES;
				GCC_WARN_UNINITIALIZED_AUTOS = YES;
				GCC_WARN_UNUSED_VARIABLE = YES;
				IPHONEOS_DEPLOYMENT_TARGET = 6.0;
				OTHER_CFLAGS = "-DNS_BLOCK_ASSERTIONS=1";
				SDKROOT = iphoneos;
				TARGETED_DEVICE_FAMILY = "1,2";
				VALIDATE_PRODUCT = YES;
			};
			name = Release;
		};
		630FC2A81621E52800942E4A /* Debug */ = {
			isa = XCBuildConfiguration;
			buildSettings = {
				GCC_PRECOMPILE_PREFIX_HEADER = YES;
				GCC_PREFIX_HEADER = "translayer/translayer-Prefix.pch";
				INFOPLIST_FILE = "translayer/translayer-Info.plist";
				New_Setting = "";
				PRODUCT_NAME = "$(TARGET_NAME)";
				TARGETED_DEVICE_FAMILY = 2;
				WRAPPER_EXTENSION = app;
			};
			name = Debug;
		};
		630FC2A91621E52800942E4A /* Release */ = {
			isa = XCBuildConfiguration;
			buildSettings = {
				GCC_PRECOMPILE_PREFIX_HEADER = YES;
				GCC_PREFIX_HEADER = "translayer/translayer-Prefix.pch";
				INFOPLIST_FILE = "translayer/translayer-Info.plist";
				New_Setting = "";
				PRODUCT_NAME = "$(TARGET_NAME)";
				TARGETED_DEVICE_FAMILY = 2;
				WRAPPER_EXTENSION = app;
			};
			name = Release;
		};
/* End XCBuildConfiguration section */

/* Begin XCConfigurationList section */
		630FC27A1621E52800942E4A /* Build configuration list for PBXProject "translayer" */ = {
			isa = XCConfigurationList;
			buildConfigurations = (
				630FC2A51621E52800942E4A /* Debug */,
				630FC2A61621E52800942E4A /* Release */,
			);
			defaultConfigurationIsVisible = 0;
			defaultConfigurationName = Release;
		};
		630FC2A71621E52800942E4A /* Build configuration list for PBXNativeTarget "translayer" */ = {
			isa = XCConfigurationList;
			buildConfigurations = (
				630FC2A81621E52800942E4A /* Debug */,
				630FC2A91621E52800942E4A /* Release */,
			);
			defaultConfigurationIsVisible = 0;
			defaultConfigurationName = Release;
		};
/* End XCConfigurationList section */
	};
	rootObject = 630FC2771621E52800942E4A /* Project object */;
}
